github.com/go-gl/gl v0.0.0-20190320180904-bf2b1f2f34d7 h1:SCYMcCJ89LjRGwEa0tRluNRiMjZHalQZrVrvTbPh+qw=
github.com/go-gl/gl v0.0.0-20190320180904-bf2b1f2f34d7/go.mod h1:482civXOzJJCPzJ4ZOX/pwvXBWSnzD4OKMdH4ClKGbk=
github.com/jcmuller/gozenity v0.0.1 h1:kHyXY48AJ1wrp6gJXhJ6af0oTJPyeahKzsDC4QSlOZo=
github.com/jcmuller/gozenity v0.0.1/go.mod h1:Qu2VtrvA5dMiTSeP9meSs/JRg4BGViiMWiYh/P7iS4M=
github.com/kroppt/IntSet v0.0.0-20190419004518-ef69714198d7 h1:BHM5zypaVa/YfCmBrn+LBVAPqCgssoTMZ6cGQxsm6ZA=
github.com/kroppt/IntSet v0.0.0-20190419004518-ef69714198d7/go.mod h1:wbkCTu5DddTQSJEn3UFFMN2bMCPhediq45yLGsIvfsA=
github.com/kroppt/winfileask v0.0.0-20190604203301-8c2224e10487 h1:04ujwK5vLrF5gT99dQIlM/jgGTYFXTO1jTTh8LQoNV4=
github.com/kroppt/winfileask v0.0.0-20190604203301-8c2224e10487/go.mod h1:biYF1MwJ7dNUHE4F6GtL67wQu1sFJdMUxG+PbKQQyGU=
github.com/veandco/go-sdl2 v0.3.1-0.20180618054924-09947465530a h1:TVZgFM2xSMA1EnUYwfGkYCG3klWRyGZvmZMA8FNqjtk=
github.com/veandco/go-sdl2 v0.3.1-0.20180618054924-09947465530a/go.mod h1:FB+kTpX9YTE+urhYiClnRzpOXbiWgaU3+5F2AB78DPg=
